
Microsoft Visual Studio Solution File, Format Version 12.00
# Visual Studio Version 17
VisualStudioVersion = 17.3.32901.215
MinimumVisualStudioVersion = 10.0.40219.1
Project("{FAE04EC0-301F-11D3-BF4B-00C04F79EFBC}") = "hastaneV1-1575", "hastaneV1-1575\hastaneV1-1575.csproj", "{9A1F73A6-6A4D-4957-ADC1-8318820515C7}"
EndProject
Global
	GlobalSection(SolutionConfigurationPlatforms) = preSolution
		Debug|Any CPU = Debug|Any CPU
		Release|Any CPU = Release|Any CPU
	EndGlobalSection
	GlobalSection(ProjectConfigurationPlatforms) = postSolution
		{9A1F73A6-6A4D-4957-ADC1-8318820515C7}.Debug|Any CPU.ActiveCfg = Debug|Any CPU
		{9A1F73A6-6A4D-4957-ADC1-8318820515C7}.Debug|Any CPU.Build.0 = Debug|Any CPU
		{9A1F73A6-6A4D-4957-ADC1-8318820515C7}.Release|Any CPU.ActiveCfg = Release|Any CPU
		{9A1F73A6-6A4D-4957-ADC1-8318820515C7}.Release|Any CPU.Build.0 = Release|Any CPU
	EndGlobalSection
	GlobalSection(SolutionProperties) = preSolution
		HideSolutionNode = FALSE
	EndGlobalSection
	GlobalSection(ExtensibilityGlobals) = postSolution
		SolutionGuid = {647FF178-7E79-4E6D-91BA-1BA74870BD63}
	EndGlobalSection
EndGlobal
